Microsoft Visual Studio Solution File, Format Version 12.00
# Visual Studio Version 17
VisualStudioVersion = 17.5.2.0
MinimumVisualStudioVersion = 10.0.40219.1
Project("{FAE04EC0-301F-11D3-BF4B-00C04F79EFBC}") = "clear", "clear.csproj", "{732CE9FD-6BFB-288B-B5DE-32910BD5DDF4}"
EndProject
Global
	GlobalSection(SolutionConfigurationPlatforms) = preSolution
		Debug|Any CPU = Debug|Any CPU
		Release|Any CPU = Release|Any CPU
	EndGlobalSection
	GlobalSection(ProjectConfigurationPlatforms) = postSolution
		{732CE9FD-6BFB-288B-B5DE-32910BD5DDF4}.Debug|Any CPU.ActiveCfg = Debug|Any CPU
		{732CE9FD-6BFB-288B-B5DE-32910BD5DDF4}.Debug|Any CPU.Build.0 = Debug|Any CPU
		{732CE9FD-6BFB-288B-B5DE-32910BD5DDF4}.Release|Any CPU.ActiveCfg = Release|Any CPU
		{732CE9FD-6BFB-288B-B5DE-32910BD5DDF4}.Release|Any CPU.Build.0 = Release|Any CPU
	EndGlobalSection
	GlobalSection(SolutionProperties) = preSolution
		HideSolutionNode = FALSE
	EndGlobalSection
	GlobalSection(ExtensibilityGlobals) = postSolution
		SolutionGuid = {6A6D0637-6098-415B-8199-AE528B586E40}
	EndGlobalSection
EndGlobal
